
Microsoft Visual Studio Solution File, Format Version 12.00
# Visual Studio Version 16
VisualStudioVersion = 16.0.31727.386
MinimumVisualStudioVersion = 10.0.40219.1
Project("{FAE04EC0-301F-11D3-BF4B-00C04F79EFBC}") = "NewDocument", "NewDocument\NewDocument.csproj", "{3E19E1C4-4490-4A25-92FB-46E48923DA79}"
EndProject
Project("{FAE04EC0-301F-11D3-BF4B-00C04F79EFBC}") = "PartAutomation", "PartAutomation\PartAutomation.csproj", "{A3D85279-6867-4ABD-A3B4-00660862AA70}"
EndProject
Project("{FAE04EC0-301F-11D3-BF4B-00C04F79EFBC}") = "MyFirstAddin", "MyFirstAddin\MyFirstAddin.csproj", "{82252730-F07D-4F8F-8E9C-59892847BA18}"
EndProject
Global
	GlobalSection(SolutionConfigurationPlatforms) = preSolution
		Debug|Any CPU = Debug|Any CPU
		Release|Any CPU = Release|Any CPU
	EndGlobalSection
	GlobalSection(ProjectConfigurationPlatforms) = postSolution
		{3E19E1C4-4490-4A25-92FB-46E48923DA79}.Debug|Any CPU.ActiveCfg = Debug|Any CPU
		{3E19E1C4-4490-4A25-92FB-46E48923DA79}.Debug|Any CPU.Build.0 = Debug|Any CPU
		{3E19E1C4-4490-4A25-92FB-46E48923DA79}.Release|Any CPU.ActiveCfg = Release|Any CPU
		{3E19E1C4-4490-4A25-92FB-46E48923DA79}.Release|Any CPU.Build.0 = Release|Any CPU
		{A3D85279-6867-4ABD-A3B4-00660862AA70}.Debug|Any CPU.ActiveCfg = Debug|Any CPU
		{A3D85279-6867-4ABD-A3B4-00660862AA70}.Debug|Any CPU.Build.0 = Debug|Any CPU
		{A3D85279-6867-4ABD-A3B4-00660862AA70}.Release|Any CPU.ActiveCfg = Release|Any CPU
		{A3D85279-6867-4ABD-A3B4-00660862AA70}.Release|Any CPU.Build.0 = Release|Any CPU
		{82252730-F07D-4F8F-8E9C-59892847BA18}.Debug|Any CPU.ActiveCfg = Debug|Any CPU
		{82252730-F07D-4F8F-8E9C-59892847BA18}.Debug|Any CPU.Build.0 = Debug|Any CPU
		{82252730-F07D-4F8F-8E9C-59892847BA18}.Release|Any CPU.ActiveCfg = Release|Any CPU
		{82252730-F07D-4F8F-8E9C-59892847BA18}.Release|Any CPU.Build.0 = Release|Any CPU
	EndGlobalSection
	GlobalSection(SolutionProperties) = preSolution
		HideSolutionNode = FALSE
	EndGlobalSection
	GlobalSection(ExtensibilityGlobals) = postSolution
		SolutionGuid = {AE06FC7B-F731-4CEE-BCEC-E97C52FC6CA5}
	EndGlobalSection
EndGlobal
